
Microsoft Visual Studio Solution File, Format Version 12.00
# Visual Studio Version 17
VisualStudioVersion = 17.0.31717.71
MinimumVisualStudioVersion = 10.0.40219.1
Project("{2150E333-8FDC-42A3-9474-1A3956D46DE8}") = "src", "src", "{099F65A9-1CB4-481F-891D-A6C7F4ACBC0C}"
EndProject
Project("{2150E333-8FDC-42A3-9474-1A3956D46DE8}") = "templates", "templates", "{3F2A553C-82E2-4905-B9EA-9EDEF5BB8D2C}"
EndProject
Project("{9A19103F-16F7-4668-BE54-9A1E7A4F7556}") = "Vite-CSharp", "src\templates\Vite-CSharp\Vite-CSharp.csproj", "{9D1E361D-86B6-45EA-ABF9-0EF695182986}"
EndProject
Project("{2150E333-8FDC-42A3-9474-1A3956D46DE8}") = "tests", "tests", "{B85C72C7-0C8F-428B-A14F-15A01B612C5B}"
EndProject
Project("{9A19103F-16F7-4668-BE54-9A1E7A4F7556}") = "Vite-CSharp.Tests", "tests\Vite-CSharp.Tests\Vite-CSharp.Tests.csproj", "{D334908D-7069-465C-8AD1-30B962852238}"
EndProject
Global
	GlobalSection(SolutionConfigurationPlatforms) = preSolution
		Debug|Any CPU = Debug|Any CPU
		Release|Any CPU = Release|Any CPU
	EndGlobalSection
	GlobalSection(ProjectConfigurationPlatforms) = postSolution
		{9D1E361D-86B6-45EA-ABF9-0EF695182986}.Debug|Any CPU.ActiveCfg = Debug|Any CPU
		{9D1E361D-86B6-45EA-ABF9-0EF695182986}.Debug|Any CPU.Build.0 = Debug|Any CPU
		{9D1E361D-86B6-45EA-ABF9-0EF695182986}.Release|Any CPU.ActiveCfg = Release|Any CPU
		{9D1E361D-86B6-45EA-ABF9-0EF695182986}.Release|Any CPU.Build.0 = Release|Any CPU
		{D334908D-7069-465C-8AD1-30B962852238}.Debug|Any CPU.ActiveCfg = Debug|Any CPU
		{D334908D-7069-465C-8AD1-30B962852238}.Debug|Any CPU.Build.0 = Debug|Any CPU
		{D334908D-7069-465C-8AD1-30B962852238}.Release|Any CPU.ActiveCfg = Release|Any CPU
		{D334908D-7069-465C-8AD1-30B962852238}.Release|Any CPU.Build.0 = Release|Any CPU
	EndGlobalSection
	GlobalSection(SolutionProperties) = preSolution
		HideSolutionNode = FALSE
	EndGlobalSection
	GlobalSection(NestedProjects) = preSolution
		{3F2A553C-82E2-4905-B9EA-9EDEF5BB8D2C} = {099F65A9-1CB4-481F-891D-A6C7F4ACBC0C}
		{9D1E361D-86B6-45EA-ABF9-0EF695182986} = {3F2A553C-82E2-4905-B9EA-9EDEF5BB8D2C}
		{D334908D-7069-465C-8AD1-30B962852238} = {B85C72C7-0C8F-428B-A14F-15A01B612C5B}
	EndGlobalSection
	GlobalSection(ExtensibilityGlobals) = postSolution
		SolutionGuid = {CC821599-8C6D-4E46-994B-20A47037B329}
	EndGlobalSection
EndGlobal
